PODS:
  - CentrifugoiOS (0.1.0):
    - SwiftWebSocket (~> 2.6)
  - SwiftWebSocket (2.6.0)

DEPENDENCIES:
  - CentrifugoiOS (from `../`)

EXTERNAL SOURCES:
  CentrifugoiOS:
    :path: "../"

SPEC CHECKSUMS:
  CentrifugoiOS: 8d585a0c99c4f5a300d70bdc1aacc0ed8300d7d6
  SwiftWebSocket: c24c0dde0b33852f478ffb54226408bfe703b26b

COCOAPODS: 0.39.0
