PODS:
  - CentrifugoiOS (0.1.0):
    - IDZSwiftCommonCrypto (~> 0.7)
    - SwiftWebSocket (~> 2.6)
  - IDZSwiftCommonCrypto (0.7.1)
  - SwiftWebSocket (2.6.0)

DEPENDENCIES:
  - CentrifugoiOS (from `../`)

EXTERNAL SOURCES:
  CentrifugoiOS:
    :path: "../"

SPEC CHECKSUMS:
  CentrifugoiOS: 82376eaa6c7526096a8a6c2993a4cdb86877d37e
  IDZSwiftCommonCrypto: 320d5d0254b3d5230004bb01ef7753b0777d916c
  SwiftWebSocket: c24c0dde0b33852f478ffb54226408bfe703b26b

COCOAPODS: 0.39.0
