// !$*UTF8*$!
{
	archiveVersion = 1;
	classes = {
	};
	objectVersion = 46;
	objects = {

/* Begin PBXBuildFile section */
		21790FCDB4A1099DD2BAE959 /* Pods_CentrifugeiOS_Tests.framework in Frameworks */ = {isa = PBXBuildFile; fileRef = D31E36130D9C97200613EA8A /* Pods_CentrifugeiOS_Tests.framework */; };
		4C5C3325356910DA2D7FE13B /* Pods_CentrifugeiOS_Example.framework in Frameworks */ = {isa = PBXBuildFile; fileRef = 699B18E483B17184E33CF147 /* Pods_CentrifugeiOS_Example.framework */; };
		607FACEC1AFB9204008FA782 /* CentrifugoClientMessageBuilderImplTests.swift in Sources */ = {isa = PBXBuildFile; fileRef = 607FACEB1AFB9204008FA782 /* CentrifugoClientMessageBuilderImplTests.swift */; };
		DF8487C41CCE121B0048559B /* CentrifugoClientImplTests.swift in Sources */ = {isa = PBXBuildFile; fileRef = DF8487C31CCE121B0048559B /* CentrifugoClientImplTests.swift */; };
		DF8487C61CCE15900048559B /* Helpers.swift in Sources */ = {isa = PBXBuildFile; fileRef = DF8487C51CCE15900048559B /* Helpers.swift */; };
		DFA947E01CCFE57700E06BE9 /* AppDelegate.swift in Sources */ = {isa = PBXBuildFile; fileRef = DFA947D71CCFE57700E06BE9 /* AppDelegate.swift */; };
		DFA947E31CCFE57700E06BE9 /* Images.xcassets in Resources */ = {isa = PBXBuildFile; fileRef = DFA947DD1CCFE57700E06BE9 /* Images.xcassets */; };
		DFA947E41CCFE57700E06BE9 /* TableViewDataSource.swift in Sources */ = {isa = PBXBuildFile; fileRef = DFA947DE1CCFE57700E06BE9 /* TableViewDataSource.swift */; };
		DFA947E51CCFE57700E06BE9 /* ViewController.swift in Sources */ = {isa = PBXBuildFile; fileRef = DFA947DF1CCFE57700E06BE9 /* ViewController.swift */; };
		DFA947EA1CCFE70800E06BE9 /* LaunchScreen.xib in Resources */ = {isa = PBXBuildFile; fileRef = DFA947E81CCFE70800E06BE9 /* LaunchScreen.xib */; };
		DFA947EB1CCFE70800E06BE9 /* Main.storyboard in Resources */ = {isa = PBXBuildFile; fileRef = DFA947E91CCFE70800E06BE9 /* Main.storyboard */; };
/* End PBXBuildFile section */

/* Begin PBXContainerItemProxy section */
		607FACE61AFB9204008FA782 /* PBXContainerItemProxy */ = {
			isa = PBXContainerItemProxy;
			containerPortal = 607FACC81AFB9204008FA782 /* Project object */;
			proxyType = 1;
			remoteGlobalIDString = 607FACCF1AFB9204008FA782;
			remoteInfo = CentrifugoiOS;
		};
/* End PBXContainerItemProxy section */

/* Begin PBXFileReference section */
		135C26B99132DFB1BC07A481 /* Pods-CentrifugeiOS_Example.debug.xcconfig */ = {isa = PBXFileReference; includeInIndex = 1; lastKnownFileType = text.xcconfig; name = "Pods-CentrifugeiOS_Example.debug.xcconfig"; path = "Pods/Target Support Files/Pods-CentrifugeiOS_Example/Pods-CentrifugeiOS_Example.debug.xcconfig"; sourceTree = "<group>"; };
		2536F7A61B19545409CBF980 /* Pods-CentrifugoiOS_Example.release.xcconfig */ = {isa = PBXFileReference; includeInIndex = 1; lastKnownFileType = text.xcconfig; name = "Pods-CentrifugoiOS_Example.release.xcconfig"; path = "Pods/Target Support Files/Pods-CentrifugoiOS_Example/Pods-CentrifugoiOS_Example.release.xcconfig"; sourceTree = "<group>"; };
		2881904D9F759B915BFBD765 /* Pods-CentrifugeiOS_Tests.release.xcconfig */ = {isa = PBXFileReference; includeInIndex = 1; lastKnownFileType = text.xcconfig; name = "Pods-CentrifugeiOS_Tests.release.xcconfig"; path = "Pods/Target Support Files/Pods-CentrifugeiOS_Tests/Pods-CentrifugeiOS_Tests.release.xcconfig"; sourceTree = "<group>"; };
		2B615B91A3426921A5A7F1F7 /* Pods-CentrifugoiOS_Example.debug.xcconfig */ = {isa = PBXFileReference; includeInIndex = 1; lastKnownFileType = text.xcconfig; name = "Pods-CentrifugoiOS_Example.debug.xcconfig"; path = "Pods/Target Support Files/Pods-CentrifugoiOS_Example/Pods-CentrifugoiOS_Example.debug.xcconfig"; sourceTree = "<group>"; };
		42F278DEE072518D51F0B1CB /* Pods_CentrifugoiOS_Tests.framework */ = {isa = PBXFileReference; explicitFileType = wrapper.framework; includeInIndex = 0; path = Pods_CentrifugoiOS_Tests.framework; sourceTree = BUILT_PRODUCTS_DIR; };
		43B68F71967CC843D9E1A086 /* Pods-CentrifugeiOS_Tests.debug.xcconfig */ = {isa = PBXFileReference; includeInIndex = 1; lastKnownFileType = text.xcconfig; name = "Pods-CentrifugeiOS_Tests.debug.xcconfig"; path = "Pods/Target Support Files/Pods-CentrifugeiOS_Tests/Pods-CentrifugeiOS_Tests.debug.xcconfig"; sourceTree = "<group>"; };
		5EBA3F0B7A38D11946EC691C /* Pods-CentrifugoiOS_Tests.debug.xcconfig */ = {isa = PBXFileReference; includeInIndex = 1; lastKnownFileType = text.xcconfig; name = "Pods-CentrifugoiOS_Tests.debug.xcconfig"; path = "Pods/Target Support Files/Pods-CentrifugoiOS_Tests/Pods-CentrifugoiOS_Tests.debug.xcconfig"; sourceTree = "<group>"; };
		607FACD01AFB9204008FA782 /* CentrifugeiOS_Example.app */ = {isa = PBXFileReference; explicitFileType = wrapper.application; includeInIndex = 0; path = CentrifugeiOS_Example.app; sourceTree = BUILT_PRODUCTS_DIR; };
		607FACE51AFB9204008FA782 /* CentrifugeiOS_Tests.xctest */ = {isa = PBXFileReference; explicitFileType = wrapper.cfbundle; includeInIndex = 0; path = CentrifugeiOS_Tests.xctest; sourceTree = BUILT_PRODUCTS_DIR; };
		607FACEA1AFB9204008FA782 /* Info.plist */ = {isa = PBXFileReference; lastKnownFileType = text.plist.xml; path = Info.plist; sourceTree = "<group>"; };
		607FACEB1AFB9204008FA782 /* CentrifugoClientMessageBuilderImplTests.swift */ = {isa = PBXFileReference; lastKnownFileType = sourcecode.swift; path = CentrifugoClientMessageBuilderImplTests.swift; sourceTree = "<group>"; };
		69659195C779884768FA33BB /* Pods_CentrifugoiOS_Example.framework */ = {isa = PBXFileReference; explicitFileType = wrapper.framework; includeInIndex = 0; path = Pods_CentrifugoiOS_Example.framework; sourceTree = BUILT_PRODUCTS_DIR; };
		699B18E483B17184E33CF147 /* Pods_CentrifugeiOS_Example.framework */ = {isa = PBXFileReference; explicitFileType = wrapper.framework; includeInIndex = 0; path = Pods_CentrifugeiOS_Example.framework; sourceTree = BUILT_PRODUCTS_DIR; };
		6D446E195C5C6147C9B981B0 /* Pods-CentrifugoiOS_Tests.release.xcconfig */ = {isa = PBXFileReference; includeInIndex = 1; lastKnownFileType = text.xcconfig; name = "Pods-CentrifugoiOS_Tests.release.xcconfig"; path = "Pods/Target Support Files/Pods-CentrifugoiOS_Tests/Pods-CentrifugoiOS_Tests.release.xcconfig"; sourceTree = "<group>"; };
		C5F269F420DCCDE74B4E54A5 /* Pods-CentrifugeiOS_Example.release.xcconfig */ = {isa = PBXFileReference; includeInIndex = 1; lastKnownFileType = text.xcconfig; name = "Pods-CentrifugeiOS_Example.release.xcconfig"; path = "Pods/Target Support Files/Pods-CentrifugeiOS_Example/Pods-CentrifugeiOS_Example.release.xcconfig"; sourceTree = "<group>"; };
		CE54B77814FB0BA2016B9E4F /* CentrifugeiOS.podspec */ = {isa = PBXFileReference; explicitFileType = text.script.ruby; includeInIndex = 1; name = CentrifugeiOS.podspec; path = ../CentrifugeiOS.podspec; sourceTree = "<group>"; };
		D31E36130D9C97200613EA8A /* Pods_CentrifugeiOS_Tests.framework */ = {isa = PBXFileReference; explicitFileType = wrapper.framework; includeInIndex = 0; path = Pods_CentrifugeiOS_Tests.framework; sourceTree = BUILT_PRODUCTS_DIR; };
		D926C63825E212F492907348 /* LICENSE */ = {isa = PBXFileReference; includeInIndex = 1; lastKnownFileType = text; name = LICENSE; path = ../LICENSE; sourceTree = "<group>"; };
		DF8487C31CCE121B0048559B /* CentrifugoClientImplTests.swift */ = {isa = PBXFileReference; fileEncoding = 4; lastKnownFileType = sourcecode.swift; path = CentrifugoClientImplTests.swift; sourceTree = "<group>"; };
		DF8487C51CCE15900048559B /* Helpers.swift */ = {isa = PBXFileReference; fileEncoding = 4; lastKnownFileType = sourcecode.swift; path = Helpers.swift; sourceTree = "<group>"; };
		DFA947D71CCFE57700E06BE9 /* AppDelegate.swift */ = {isa = PBXFileReference; fileEncoding = 4; lastKnownFileType = sourcecode.swift; name = AppDelegate.swift; path = CentrifugeiOS/AppDelegate.swift; sourceTree = SOURCE_ROOT; };
		DFA947DD1CCFE57700E06BE9 /* Images.xcassets */ = {isa = PBXFileReference; lastKnownFileType = folder.assetcatalog; name = Images.xcassets; path = CentrifugeiOS/Images.xcassets; sourceTree = SOURCE_ROOT; };
		DFA947DE1CCFE57700E06BE9 /* TableViewDataSource.swift */ = {isa = PBXFileReference; fileEncoding = 4; lastKnownFileType = sourcecode.swift; name = TableViewDataSource.swift; path = CentrifugeiOS/TableViewDataSource.swift; sourceTree = SOURCE_ROOT; };
		DFA947DF1CCFE57700E06BE9 /* ViewController.swift */ = {isa = PBXFileReference; fileEncoding = 4; lastKnownFileType = sourcecode.swift; name = ViewController.swift; path = CentrifugeiOS/ViewController.swift; sourceTree = SOURCE_ROOT; };
		DFA947E61CCFE58000E06BE9 /* Info.plist */ = {isa = PBXFileReference; fileEncoding = 4; lastKnownFileType = text.plist.xml; name = Info.plist; path = CentrifugeiOS/Info.plist; sourceTree = SOURCE_ROOT; };
		DFA947E81CCFE70800E06BE9 /* LaunchScreen.xib */ = {isa = PBXFileReference; fileEncoding = 4; lastKnownFileType = file.xib; name = LaunchScreen.xib; path = CentrifugeiOS/LaunchScreen.xib; sourceTree = SOURCE_ROOT; };
		DFA947E91CCFE70800E06BE9 /* Main.storyboard */ = {isa = PBXFileReference; fileEncoding = 4; lastKnownFileType = file.storyboard; name = Main.storyboard; path = CentrifugeiOS/Main.storyboard; sourceTree = SOURCE_ROOT; };
		F959058C8699B78BBF25295F /* README.md */ = {isa = PBXFileReference; includeInIndex = 1; lastKnownFileType = net.daringfireball.markdown; name = README.md; path = ../README.md; sourceTree = "<group>"; };
/* End PBXFileReference section */

/* Begin PBXFrameworksBuildPhase section */
		607FACCD1AFB9204008FA782 /* Frameworks */ = {
			isa = PBXFrameworksBuildPhase;
			buildActionMask = 2147483647;
			files = (
				4C5C3325356910DA2D7FE13B /* Pods_CentrifugeiOS_Example.framework in Frameworks */,
			);
			runOnlyForDeploymentPostprocessing = 0;
		};
		607FACE21AFB9204008FA782 /* Frameworks */ = {
			isa = PBXFrameworksBuildPhase;
			buildActionMask = 2147483647;
			files = (
				21790FCDB4A1099DD2BAE959 /* Pods_CentrifugeiOS_Tests.framework in Frameworks */,
			);
			runOnlyForDeploymentPostprocessing = 0;
		};
/* End PBXFrameworksBuildPhase section */

/* Begin PBXGroup section */
		04889A61000B219042C654B9 /* Pods */ = {
			isa = PBXGroup;
			children = (
				2B615B91A3426921A5A7F1F7 /* Pods-CentrifugoiOS_Example.debug.xcconfig */,
				2536F7A61B19545409CBF980 /* Pods-CentrifugoiOS_Example.release.xcconfig */,
				5EBA3F0B7A38D11946EC691C /* Pods-CentrifugoiOS_Tests.debug.xcconfig */,
				6D446E195C5C6147C9B981B0 /* Pods-CentrifugoiOS_Tests.release.xcconfig */,
				135C26B99132DFB1BC07A481 /* Pods-CentrifugeiOS_Example.debug.xcconfig */,
				C5F269F420DCCDE74B4E54A5 /* Pods-CentrifugeiOS_Example.release.xcconfig */,
				43B68F71967CC843D9E1A086 /* Pods-CentrifugeiOS_Tests.debug.xcconfig */,
				2881904D9F759B915BFBD765 /* Pods-CentrifugeiOS_Tests.release.xcconfig */,
			);
			name = Pods;
			sourceTree = "<group>";
		};
		1AC255173F3F7979AEC25551 /* Frameworks */ = {
			isa = PBXGroup;
			children = (
				69659195C779884768FA33BB /* Pods_CentrifugoiOS_Example.framework */,
				42F278DEE072518D51F0B1CB /* Pods_CentrifugoiOS_Tests.framework */,
				699B18E483B17184E33CF147 /* Pods_CentrifugeiOS_Example.framework */,
				D31E36130D9C97200613EA8A /* Pods_CentrifugeiOS_Tests.framework */,
			);
			name = Frameworks;
			sourceTree = "<group>";
		};
		607FACC71AFB9204008FA782 = {
			isa = PBXGroup;
			children = (
				607FACF51AFB993E008FA782 /* Podspec Metadata */,
				607FACD21AFB9204008FA782 /* Example for CentrifugoiOS */,
				607FACE81AFB9204008FA782 /* Tests */,
				607FACD11AFB9204008FA782 /* Products */,
				04889A61000B219042C654B9 /* Pods */,
				1AC255173F3F7979AEC25551 /* Frameworks */,
			);
			sourceTree = "<group>";
		};
		607FACD11AFB9204008FA782 /* Products */ = {
			isa = PBXGroup;
			children = (
				607FACD01AFB9204008FA782 /* CentrifugeiOS_Example.app */,
				607FACE51AFB9204008FA782 /* CentrifugeiOS_Tests.xctest */,
			);
			name = Products;
			sourceTree = "<group>";
		};
		607FACD21AFB9204008FA782 /* Example for CentrifugoiOS */ = {
			isa = PBXGroup;
			children = (
				DFA947D71CCFE57700E06BE9 /* AppDelegate.swift */,
				DFA947DD1CCFE57700E06BE9 /* Images.xcassets */,
				DFA947E81CCFE70800E06BE9 /* LaunchScreen.xib */,
				DFA947E91CCFE70800E06BE9 /* Main.storyboard */,
				607FACD31AFB9204008FA782 /* Supporting Files */,
				DFA947DE1CCFE57700E06BE9 /* TableViewDataSource.swift */,
				DFA947DF1CCFE57700E06BE9 /* ViewController.swift */,
			);
			name = "Example for CentrifugoiOS";
			path = CentrifugoiOS;
			sourceTree = "<group>";
		};
		607FACD31AFB9204008FA782 /* Supporting Files */ = {
			isa = PBXGroup;
			children = (
				DFA947E61CCFE58000E06BE9 /* Info.plist */,
			);
			name = "Supporting Files";
			sourceTree = "<group>";
		};
		607FACE81AFB9204008FA782 /* Tests */ = {
			isa = PBXGroup;
			children = (
				DF8487C31CCE121B0048559B /* CentrifugoClientImplTests.swift */,
				607FACEB1AFB9204008FA782 /* CentrifugoClientMessageBuilderImplTests.swift */,
				DF8487C51CCE15900048559B /* Helpers.swift */,
				607FACE91AFB9204008FA782 /* Supporting Files */,
			);
			path = Tests;
			sourceTree = "<group>";
		};
		607FACE91AFB9204008FA782 /* Supporting Files */ = {
			isa = PBXGroup;
			children = (
				607FACEA1AFB9204008FA782 /* Info.plist */,
			);
			name = "Supporting Files";
			sourceTree = "<group>";
		};
		607FACF51AFB993E008FA782 /* Podspec Metadata */ = {
			isa = PBXGroup;
			children = (
				CE54B77814FB0BA2016B9E4F /* CentrifugeiOS.podspec */,
				F959058C8699B78BBF25295F /* README.md */,
				D926C63825E212F492907348 /* LICENSE */,
			);
			name = "Podspec Metadata";
			sourceTree = "<group>";
		};
/* End PBXGroup section */

/* Begin PBXNativeTarget section */
		607FACCF1AFB9204008FA782 /* CentrifugeiOS_Example */ = {
			isa = PBXNativeTarget;
			buildConfigurationList = 607FACEF1AFB9204008FA782 /* Build configuration list for PBXNativeTarget "CentrifugeiOS_Example" */;
			buildPhases = (
				53C30FFB2485660AACB4F2A9 /* [CP] Check Pods Manifest.lock */,
				607FACCC1AFB9204008FA782 /* Sources */,
				607FACCD1AFB9204008FA782 /* Frameworks */,
				607FACCE1AFB9204008FA782 /* Resources */,
				52D32607063DF07BF4EAE227 /* [CP] Embed Pods Frameworks */,
				D3695F3D6BB14C5DD278A2CA /* [CP] Copy Pods Resources */,
			);
			buildRules = (
			);
			dependencies = (
			);
			name = CentrifugeiOS_Example;
			productName = CentrifugoiOS;
			productReference = 607FACD01AFB9204008FA782 /* CentrifugeiOS_Example.app */;
			productType = "com.apple.product-type.application";
		};
		607FACE41AFB9204008FA782 /* CentrifugeiOS_Tests */ = {
			isa = PBXNativeTarget;
			buildConfigurationList = 607FACF21AFB9204008FA782 /* Build configuration list for PBXNativeTarget "CentrifugeiOS_Tests" */;
			buildPhases = (
				F7A970C317D648607CFE4595 /* [CP] Check Pods Manifest.lock */,
				607FACE11AFB9204008FA782 /* Sources */,
				607FACE21AFB9204008FA782 /* Frameworks */,
				607FACE31AFB9204008FA782 /* Resources */,
				F7C77600DD5EC9486A927B36 /* [CP] Embed Pods Frameworks */,
				C82D15DBF4CD35FC4A384A43 /* [CP] Copy Pods Resources */,
			);
			buildRules = (
			);
			dependencies = (
				607FACE71AFB9204008FA782 /* PBXTargetDependency */,
			);
			name = CentrifugeiOS_Tests;
			productName = Tests;
			productReference = 607FACE51AFB9204008FA782 /* CentrifugeiOS_Tests.xctest */;
			productType = "com.apple.product-type.bundle.unit-test";
		};
/* End PBXNativeTarget section */

/* Begin PBXProject section */
		607FACC81AFB9204008FA782 /* Project object */ = {
			isa = PBXProject;
			attributes = {
				LastSwiftUpdateCheck = 0730;
				LastUpgradeCheck = 0810;
				ORGANIZATIONNAME = CocoaPods;
				TargetAttributes = {
					607FACCF1AFB9204008FA782 = {
						CreatedOnToolsVersion = 6.3.1;
					};
					607FACE41AFB9204008FA782 = {
						CreatedOnToolsVersion = 6.3.1;
						TestTargetID = 607FACCF1AFB9204008FA782;
					};
				};
			};
			buildConfigurationList = 607FACCB1AFB9204008FA782 /* Build configuration list for PBXProject "CentrifugeiOS" */;
			compatibilityVersion = "Xcode 3.2";
			developmentRegion = English;
			hasScannedForEncodings = 0;
			knownRegions = (
				en,
				Base,
			);
			mainGroup = 607FACC71AFB9204008FA782;
			productRefGroup = 607FACD11AFB9204008FA782 /* Products */;
			projectDirPath = "";
			projectRoot = "";
			targets = (
				607FACCF1AFB9204008FA782 /* CentrifugeiOS_Example */,
				607FACE41AFB9204008FA782 /* CentrifugeiOS_Tests */,
			);
		};
/* End PBXProject section */

/* Begin PBXResourcesBuildPhase section */
		607FACCE1AFB9204008FA782 /* Resources */ = {
			isa = PBXResourcesBuildPhase;
			buildActionMask = 2147483647;
			files = (
				DFA947E31CCFE57700E06BE9 /* Images.xcassets in Resources */,
				DFA947EA1CCFE70800E06BE9 /* LaunchScreen.xib in Resources */,
				DFA947EB1CCFE70800E06BE9 /* Main.storyboard in Resources */,
			);
			runOnlyForDeploymentPostprocessing = 0;
		};
		607FACE31AFB9204008FA782 /* Resources */ = {
			isa = PBXResourcesBuildPhase;
			buildActionMask = 2147483647;
			files = (
			);
			runOnlyForDeploymentPostprocessing = 0;
		};
/* End PBXResourcesBuildPhase section */

/* Begin PBXShellScriptBuildPhase section */
		52D32607063DF07BF4EAE227 /* [CP] Embed Pods Frameworks */ = {
			isa = PBXShellScriptBuildPhase;
			buildActionMask = 2147483647;
			files = (
			);
			inputPaths = (
			);
			name = "[CP] Embed Pods Frameworks";
			outputPaths = (
			);
			runOnlyForDeploymentPostprocessing = 0;
			shellPath = /bin/sh;
			shellScript = "\"${SRCROOT}/Pods/Target Support Files/Pods-CentrifugeiOS_Example/Pods-CentrifugeiOS_Example-frameworks.sh\"\n";
			showEnvVarsInLog = 0;
		};
		53C30FFB2485660AACB4F2A9 /* [CP] Check Pods Manifest.lock */ = {
			isa = PBXShellScriptBuildPhase;
			buildActionMask = 2147483647;
			files = (
			);
			inputPaths = (
			);
			name = "[CP] Check Pods Manifest.lock";
			outputPaths = (
			);
			runOnlyForDeploymentPostprocessing = 0;
			shellPath = /bin/sh;
			shellScript = "diff \"${PODS_ROOT}/../Podfile.lock\" \"${PODS_ROOT}/Manifest.lock\" > /dev/null\nif [ $? != 0 ] ; then\n    # print error to STDERR\n    echo \"error: The sandbox is not in sync with the Podfile.lock. Run 'pod install' or update your CocoaPods installation.\" >&2\n    exit 1\nfi\n";
			showEnvVarsInLog = 0;
		};
		C82D15DBF4CD35FC4A384A43 /* [CP] Copy Pods Resources */ = {
			isa = PBXShellScriptBuildPhase;
			buildActionMask = 2147483647;
			files = (
			);
			inputPaths = (
			);
			name = "[CP] Copy Pods Resources";
			outputPaths = (
			);
			runOnlyForDeploymentPostprocessing = 0;
			shellPath = /bin/sh;
			shellScript = "\"${SRCROOT}/Pods/Target Support Files/Pods-CentrifugeiOS_Tests/Pods-CentrifugeiOS_Tests-resources.sh\"\n";
			showEnvVarsInLog = 0;
		};
		D3695F3D6BB14C5DD278A2CA /* [CP] Copy Pods Resources */ = {
			isa = PBXShellScriptBuildPhase;
			buildActionMask = 2147483647;
			files = (
			);
			inputPaths = (
			);
			name = "[CP] Copy Pods Resources";
			outputPaths = (
			);
			runOnlyForDeploymentPostprocessing = 0;
			shellPath = /bin/sh;
			shellScript = "\"${SRCROOT}/Pods/Target Support Files/Pods-CentrifugeiOS_Example/Pods-CentrifugeiOS_Example-resources.sh\"\n";
			showEnvVarsInLog = 0;
		};
		F7A970C317D648607CFE4595 /* [CP] Check Pods Manifest.lock */ = {
			isa = PBXShellScriptBuildPhase;
			buildActionMask = 2147483647;
			files = (
			);
			inputPaths = (
			);
			name = "[CP] Check Pods Manifest.lock";
			outputPaths = (
			);
			runOnlyForDeploymentPostprocessing = 0;
			shellPath = /bin/sh;
			shellScript = "diff \"${PODS_ROOT}/../Podfile.lock\" \"${PODS_ROOT}/Manifest.lock\" > /dev/null\nif [ $? != 0 ] ; then\n    # print error to STDERR\n    echo \"error: The sandbox is not in sync with the Podfile.lock. Run 'pod install' or update your CocoaPods installation.\" >&2\n    exit 1\nfi\n";
			showEnvVarsInLog = 0;
		};
		F7C77600DD5EC9486A927B36 /* [CP] Embed Pods Frameworks */ = {
			isa = PBXShellScriptBuildPhase;
			buildActionMask = 2147483647;
			files = (
			);
			inputPaths = (
			);
			name = "[CP] Embed Pods Frameworks";
			outputPaths = (
			);
			runOnlyForDeploymentPostprocessing = 0;
			shellPath = /bin/sh;
			shellScript = "\"${SRCROOT}/Pods/Target Support Files/Pods-CentrifugeiOS_Tests/Pods-CentrifugeiOS_Tests-frameworks.sh\"\n";
			showEnvVarsInLog = 0;
		};
/* End PBXShellScriptBuildPhase section */

/* Begin PBXSourcesBuildPhase section */
		607FACCC1AFB9204008FA782 /* Sources */ = {
			isa = PBXSourcesBuildPhase;
			buildActionMask = 2147483647;
			files = (
				DFA947E51CCFE57700E06BE9 /* ViewController.swift in Sources */,
				DFA947E41CCFE57700E06BE9 /* TableViewDataSource.swift in Sources */,
				DFA947E01CCFE57700E06BE9 /* AppDelegate.swift in Sources */,
			);
			runOnlyForDeploymentPostprocessing = 0;
		};
		607FACE11AFB9204008FA782 /* Sources */ = {
			isa = PBXSourcesBuildPhase;
			buildActionMask = 2147483647;
			files = (
				DF8487C41CCE121B0048559B /* CentrifugoClientImplTests.swift in Sources */,
				DF8487C61CCE15900048559B /* Helpers.swift in Sources */,
				607FACEC1AFB9204008FA782 /* CentrifugoClientMessageBuilderImplTests.swift in Sources */,
			);
			runOnlyForDeploymentPostprocessing = 0;
		};
/* End PBXSourcesBuildPhase section */

/* Begin PBXTargetDependency section */
		607FACE71AFB9204008FA782 /* PBXTargetDependency */ = {
			isa = PBXTargetDependency;
			target = 607FACCF1AFB9204008FA782 /* CentrifugeiOS_Example */;
			targetProxy = 607FACE61AFB9204008FA782 /* PBXContainerItemProxy */;
		};
/* End PBXTargetDependency section */

/* Begin XCBuildConfiguration section */
		607FACED1AFB9204008FA782 /* Debug */ = {
			isa = XCBuildConfiguration;
			buildSettings = {
				ALWAYS_EMBED_SWIFT_STANDARD_LIBRARIES = YES;
				ALWAYS_SEARCH_USER_PATHS = NO;
				CLANG_CXX_LANGUAGE_STANDARD = "gnu++0x";
				CLANG_CXX_LIBRARY = "libc++";
				CLANG_ENABLE_MODULES = YES;
				CLANG_ENABLE_OBJC_ARC = YES;
				CLANG_WARN_BOOL_CONVERSION = YES;
				CLANG_WARN_CONSTANT_CONVERSION = YES;
				CLANG_WARN_DIRECT_OBJC_ISA_USAGE = YES_ERROR;
				CLANG_WARN_EMPTY_BODY = YES;
				CLANG_WARN_ENUM_CONVERSION = YES;
				CLANG_WARN_INFINITE_RECURSION = YES;
				CLANG_WARN_INT_CONVERSION = YES;
				CLANG_WARN_OBJC_ROOT_CLASS = YES_ERROR;
				CLANG_WARN_SUSPICIOUS_MOVE = YES;
				CLANG_WARN_UNREACHABLE_CODE = YES;
				CLANG_WARN__DUPLICATE_METHOD_MATCH = YES;
				"CODE_SIGN_IDENTITY[sdk=iphoneos*]" = "iPhone Developer";
				COPY_PHASE_STRIP = NO;
				DEBUG_INFORMATION_FORMAT = "dwarf-with-dsym";
				ENABLE_STRICT_OBJC_MSGSEND = YES;
				ENABLE_TESTABILITY = YES;
				GCC_C_LANGUAGE_STANDARD = gnu99;
				GCC_DYNAMIC_NO_PIC = NO;
				GCC_NO_COMMON_BLOCKS = YES;
				GCC_OPTIMIZATION_LEVEL = 0;
				GCC_PREPROCESSOR_DEFINITIONS = (
					"DEBUG=1",
					"$(inherited)",
				);
				GCC_SYMBOLS_PRIVATE_EXTERN = NO;
				GCC_WARN_64_TO_32_BIT_CONVERSION = YES;
				GCC_WARN_ABOUT_RETURN_TYPE = YES_ERROR;
				GCC_WARN_UNDECLARED_SELECTOR = YES;
				GCC_WARN_UNINITIALIZED_AUTOS = YES_AGGRESSIVE;
				GCC_WARN_UNUSED_FUNCTION = YES;
				GCC_WARN_UNUSED_VARIABLE = YES;
				IPHONEOS_DEPLOYMENT_TARGET = 9.3;
				MTL_ENABLE_DEBUG_INFO = YES;
				ONLY_ACTIVE_ARCH = YES;
				SDKROOT = iphoneos;
				SWIFT_OPTIMIZATION_LEVEL = "-Onone";
				SWIFT_VERSION = 3.0.1;
			};
			name = Debug;
		};
		607FACEE1AFB9204008FA782 /* Release */ = {
			isa = XCBuildConfiguration;
			buildSettings = {
				ALWAYS_EMBED_SWIFT_STANDARD_LIBRARIES = YES;
				ALWAYS_SEARCH_USER_PATHS = NO;
				CLANG_CXX_LANGUAGE_STANDARD = "gnu++0x";
				CLANG_CXX_LIBRARY = "libc++";
				CLANG_ENABLE_MODULES = YES;
				CLANG_ENABLE_OBJC_ARC = YES;
				CLANG_WARN_BOOL_CONVERSION = YES;
				CLANG_WARN_CONSTANT_CONVERSION = YES;
				CLANG_WARN_DIRECT_OBJC_ISA_USAGE = YES_ERROR;
				CLANG_WARN_EMPTY_BODY = YES;
				CLANG_WARN_ENUM_CONVERSION = YES;
				CLANG_WARN_INFINITE_RECURSION = YES;
				CLANG_WARN_INT_CONVERSION = YES;
				CLANG_WARN_OBJC_ROOT_CLASS = YES_ERROR;
				CLANG_WARN_SUSPICIOUS_MOVE = YES;
				CLANG_WARN_UNREACHABLE_CODE = YES;
				CLANG_WARN__DUPLICATE_METHOD_MATCH = YES;
				"CODE_SIGN_IDENTITY[sdk=iphoneos*]" = "iPhone Developer";
				COPY_PHASE_STRIP = NO;
				DEBUG_INFORMATION_FORMAT = "dwarf-with-dsym";
				ENABLE_NS_ASSERTIONS = NO;
				ENABLE_STRICT_OBJC_MSGSEND = YES;
				GCC_C_LANGUAGE_STANDARD = gnu99;
				GCC_NO_COMMON_BLOCKS = YES;
				GCC_WARN_64_TO_32_BIT_CONVERSION = YES;
				GCC_WARN_ABOUT_RETURN_TYPE = YES_ERROR;
				GCC_WARN_UNDECLARED_SELECTOR = YES;
				GCC_WARN_UNINITIALIZED_AUTOS = YES_AGGRESSIVE;
				GCC_WARN_UNUSED_FUNCTION = YES;
				GCC_WARN_UNUSED_VARIABLE = YES;
				IPHONEOS_DEPLOYMENT_TARGET = 9.3;
				MTL_ENABLE_DEBUG_INFO = NO;
				SDKROOT = iphoneos;
				SWIFT_OPTIMIZATION_LEVEL = "-Owholemodule";
				SWIFT_VERSION = 3.0.1;
				VALIDATE_PRODUCT = YES;
			};
			name = Release;
		};
		607FACF01AFB9204008FA782 /* Debug */ = {
			isa = XCBuildConfiguration;
			baseConfigurationReference = 135C26B99132DFB1BC07A481 /* Pods-CentrifugeiOS_Example.debug.xcconfig */;
			buildSettings = {
				ASSETCATALOG_COMPILER_APPICON_NAME = AppIcon;
				CLANG_ENABLE_MODULES = YES;
				INFOPLIST_FILE = CentrifugeiOS/Info.plist;
				LD_RUNPATH_SEARCH_PATHS = "$(inherited) @executable_path/Frameworks";
				MODULE_NAME = ExampleApp;
				PRODUCT_BUNDLE_IDENTIFIER = "org.cocoapods.demo.CentrifugeiOS-Example";
				PRODUCT_NAME = "$(TARGET_NAME)";
				SWIFT_OPTIMIZATION_LEVEL = "-Onone";
			};
			name = Debug;
		};
		607FACF11AFB9204008FA782 /* Release */ = {
			isa = XCBuildConfiguration;
			baseConfigurationReference = C5F269F420DCCDE74B4E54A5 /* Pods-CentrifugeiOS_Example.release.xcconfig */;
			buildSettings = {
				ASSETCATALOG_COMPILER_APPICON_NAME = AppIcon;
				CLANG_ENABLE_MODULES = YES;
				INFOPLIST_FILE = CentrifugeiOS/Info.plist;
				LD_RUNPATH_SEARCH_PATHS = "$(inherited) @executable_path/Frameworks";
				MODULE_NAME = ExampleApp;
				PRODUCT_BUNDLE_IDENTIFIER = "org.cocoapods.demo.CentrifugeiOS-Example";
				PRODUCT_NAME = "$(TARGET_NAME)";
			};
			name = Release;
		};
		607FACF31AFB9204008FA782 /* Debug */ = {
			isa = XCBuildConfiguration;
			baseConfigurationReference = 43B68F71967CC843D9E1A086 /* Pods-CentrifugeiOS_Tests.debug.xcconfig */;
			buildSettings = {
				ALWAYS_EMBED_SWIFT_STANDARD_LIBRARIES = YES;
				FRAMEWORK_SEARCH_PATHS = (
					"$(SDKROOT)/Developer/Library/Frameworks",
					"$(inherited)",
				);
				GCC_PREPROCESSOR_DEFINITIONS = (
					"DEBUG=1",
					"$(inherited)",
				);
				INFOPLIST_FILE = Tests/Info.plist;
				LD_RUNPATH_SEARCH_PATHS = "$(inherited) @executable_path/Frameworks @loader_path/Frameworks";
				PRODUCT_BUNDLE_IDENTIFIER = "org.cocoapods.$(PRODUCT_NAME:rfc1034identifier)";
				PRODUCT_NAME = "$(TARGET_NAME)";
			};
			name = Debug;
		};
		607FACF41AFB9204008FA782 /* Release */ = {
			isa = XCBuildConfiguration;
			baseConfigurationReference = 2881904D9F759B915BFBD765 /* Pods-CentrifugeiOS_Tests.release.xcconfig */;
			buildSettings = {
				ALWAYS_EMBED_SWIFT_STANDARD_LIBRARIES = YES;
				FRAMEWORK_SEARCH_PATHS = (
					"$(SDKROOT)/Developer/Library/Frameworks",
					"$(inherited)",
				);
				INFOPLIST_FILE = Tests/Info.plist;
				LD_RUNPATH_SEARCH_PATHS = "$(inherited) @executable_path/Frameworks @loader_path/Frameworks";
				PRODUCT_BUNDLE_IDENTIFIER = "org.cocoapods.$(PRODUCT_NAME:rfc1034identifier)";
				PRODUCT_NAME = "$(TARGET_NAME)";
			};
			name = Release;
		};
/* End XCBuildConfiguration section */

/* Begin XCConfigurationList section */
		607FACCB1AFB9204008FA782 /* Build configuration list for PBXProject "CentrifugeiOS" */ = {
			isa = XCConfigurationList;
			buildConfigurations = (
				607FACED1AFB9204008FA782 /* Debug */,
				607FACEE1AFB9204008FA782 /* Release */,
			);
			defaultConfigurationIsVisible = 0;
			defaultConfigurationName = Release;
		};
		607FACEF1AFB9204008FA782 /* Build configuration list for PBXNativeTarget "CentrifugeiOS_Example" */ = {
			isa = XCConfigurationList;
			buildConfigurations = (
				607FACF01AFB9204008FA782 /* Debug */,
				607FACF11AFB9204008FA782 /* Release */,
			);
			defaultConfigurationIsVisible = 0;
			defaultConfigurationName = Release;
		};
		607FACF21AFB9204008FA782 /* Build configuration list for PBXNativeTarget "CentrifugeiOS_Tests" */ = {
			isa = XCConfigurationList;
			buildConfigurations = (
				607FACF31AFB9204008FA782 /* Debug */,
				607FACF41AFB9204008FA782 /* Release */,
			);
			defaultConfigurationIsVisible = 0;
			defaultConfigurationName = Release;
		};
/* End XCConfigurationList section */
	};
	rootObject = 607FACC81AFB9204008FA782 /* Project object */;
}
