// !$*UTF8*$!
{
	archiveVersion = 1;
	classes = {
	};
	objectVersion = 48;
	objects = {

/* Begin PBXBuildFile section */
		D492AD2D1FA0AF97003E92FA /* CentrifugeiOS.h in Headers */ = {isa = PBXBuildFile; fileRef = D492AD2B1FA0AF97003E92FA /* CentrifugeiOS.h */; settings = {ATTRIBUTES = (Public, ); }; };
		D492AD401FA0B00C003E92FA /* Centrifuge.swift in Sources */ = {isa = PBXBuildFile; fileRef = D492AD361FA0B00C003E92FA /* Centrifuge.swift */; };
		D492AD411FA0B00C003E92FA /* CentrifugeClientImpl.swift in Sources */ = {isa = PBXBuildFile; fileRef = D492AD371FA0B00C003E92FA /* CentrifugeClientImpl.swift */; };
		D492AD421FA0B00C003E92FA /* .gitkeep in Resources */ = {isa = PBXBuildFile; fileRef = D492AD381FA0B00C003E92FA /* .gitkeep */; };
		D492AD431FA0B00C003E92FA /* Models.swift in Sources */ = {isa = PBXBuildFile; fileRef = D492AD391FA0B00C003E92FA /* Models.swift */; };
		D492AD441FA0B00C003E92FA /* Protocols.swift in Sources */ = {isa = PBXBuildFile; fileRef = D492AD3A1FA0B00C003E92FA /* Protocols.swift */; };
		D492AD451FA0B00C003E92FA /* WebSocket.swift in Sources */ = {isa = PBXBuildFile; fileRef = D492AD3B1FA0B00C003E92FA /* WebSocket.swift */; };
		D492AD461FA0B00C003E92FA /* CentrifugeClientMessageBuilderImpl.swift in Sources */ = {isa = PBXBuildFile; fileRef = D492AD3D1FA0B00C003E92FA /* CentrifugeClientMessageBuilderImpl.swift */; };
		D492AD471FA0B00C003E92FA /* CentrifugoServerMessageParserImpl.swift in Sources */ = {isa = PBXBuildFile; fileRef = D492AD3E1FA0B00C003E92FA /* CentrifugoServerMessageParserImpl.swift */; };
		D492AD4A1FA0B639003E92FA /* IDZSwiftCommonCrypto.framework in Frameworks */ = {isa = PBXBuildFile; fileRef = D492AD481FA0B639003E92FA /* IDZSwiftCommonCrypto.framework */; };
		D492AD4B1FA0B639003E92FA /* SwiftWebSocket.framework in Frameworks */ = {isa = PBXBuildFile; fileRef = D492AD491FA0B639003E92FA /* SwiftWebSocket.framework */; };
/* End PBXBuildFile section */

/* Begin PBXFileReference section */
		D492AD281FA0AF97003E92FA /* CentrifugeiOS.framework */ = {isa = PBXFileReference; explicitFileType = wrapper.framework; includeInIndex = 0; path = CentrifugeiOS.framework; sourceTree = BUILT_PRODUCTS_DIR; };
		D492AD2B1FA0AF97003E92FA /* CentrifugeiOS.h */ = {isa = PBXFileReference; lastKnownFileType = sourcecode.c.h; path = CentrifugeiOS.h; sourceTree = "<group>"; };
		D492AD2C1FA0AF97003E92FA /* Info.plist */ = {isa = PBXFileReference; lastKnownFileType = text.plist.xml; path = Info.plist; sourceTree = "<group>"; };
		D492AD361FA0B00C003E92FA /* Centrifuge.swift */ = {isa = PBXFileReference; fileEncoding = 4; lastKnownFileType = sourcecode.swift; path = Centrifuge.swift; sourceTree = "<group>"; };
		D492AD371FA0B00C003E92FA /* CentrifugeClientImpl.swift */ = {isa = PBXFileReference; fileEncoding = 4; lastKnownFileType = sourcecode.swift; path = CentrifugeClientImpl.swift; sourceTree = "<group>"; };
		D492AD381FA0B00C003E92FA /* .gitkeep */ = {isa = PBXFileReference; fileEncoding = 4; lastKnownFileType = text; path = .gitkeep; sourceTree = "<group>"; };
		D492AD391FA0B00C003E92FA /* Models.swift */ = {isa = PBXFileReference; fileEncoding = 4; lastKnownFileType = sourcecode.swift; path = Models.swift; sourceTree = "<group>"; };
		D492AD3A1FA0B00C003E92FA /* Protocols.swift */ = {isa = PBXFileReference; fileEncoding = 4; lastKnownFileType = sourcecode.swift; path = Protocols.swift; sourceTree = "<group>"; };
		D492AD3B1FA0B00C003E92FA /* WebSocket.swift */ = {isa = PBXFileReference; fileEncoding = 4; lastKnownFileType = sourcecode.swift; path = WebSocket.swift; sourceTree = "<group>"; };
		D492AD3D1FA0B00C003E92FA /* CentrifugeClientMessageBuilderImpl.swift */ = {isa = PBXFileReference; fileEncoding = 4; lastKnownFileType = sourcecode.swift; path = CentrifugeClientMessageBuilderImpl.swift; sourceTree = "<group>"; };
		D492AD3E1FA0B00C003E92FA /* CentrifugoServerMessageParserImpl.swift */ = {isa = PBXFileReference; fileEncoding = 4; lastKnownFileType = sourcecode.swift; path = CentrifugoServerMessageParserImpl.swift; sourceTree = "<group>"; };
		D492AD481FA0B639003E92FA /* IDZSwiftCommonCrypto.framework */ = {isa = PBXFileReference; lastKnownFileType = wrapper.framework; name = IDZSwiftCommonCrypto.framework; path = Carthage/Build/iOS/IDZSwiftCommonCrypto.framework; sourceTree = "<group>"; };
		D492AD491FA0B639003E92FA /* SwiftWebSocket.framework */ = {isa = PBXFileReference; lastKnownFileType = wrapper.framework; name = SwiftWebSocket.framework; path = Carthage/Build/iOS/SwiftWebSocket.framework; sourceTree = "<group>"; };
/* End PBXFileReference section */

/* Begin PBXFrameworksBuildPhase section */
		D492AD241FA0AF97003E92FA /* Frameworks */ = {
			isa = PBXFrameworksBuildPhase;
			buildActionMask = 2147483647;
			files = (
				D492AD4B1FA0B639003E92FA /* SwiftWebSocket.framework in Frameworks */,
				D492AD4A1FA0B639003E92FA /* IDZSwiftCommonCrypto.framework in Frameworks */,
			);
			runOnlyForDeploymentPostprocessing = 0;
		};
/* End PBXFrameworksBuildPhase section */

/* Begin PBXGroup section */
		D492AD1E1FA0AF97003E92FA = {
			isa = PBXGroup;
			children = (
				D492AD481FA0B639003E92FA /* IDZSwiftCommonCrypto.framework */,
				D492AD491FA0B639003E92FA /* SwiftWebSocket.framework */,
				D492AD2A1FA0AF97003E92FA /* CentrifugeiOS */,
				D492AD291FA0AF97003E92FA /* Products */,
			);
			sourceTree = "<group>";
		};
		D492AD291FA0AF97003E92FA /* Products */ = {
			isa = PBXGroup;
			children = (
				D492AD281FA0AF97003E92FA /* CentrifugeiOS.framework */,
			);
			name = Products;
			sourceTree = "<group>";
		};
		D492AD2A1FA0AF97003E92FA /* CentrifugeiOS */ = {
			isa = PBXGroup;
			children = (
				D492AD351FA0B00C003E92FA /* Classes */,
				D492AD2B1FA0AF97003E92FA /* CentrifugeiOS.h */,
				D492AD2C1FA0AF97003E92FA /* Info.plist */,
			);
			path = CentrifugeiOS;
			sourceTree = "<group>";
		};
		D492AD351FA0B00C003E92FA /* Classes */ = {
			isa = PBXGroup;
			children = (
				D492AD361FA0B00C003E92FA /* Centrifuge.swift */,
				D492AD371FA0B00C003E92FA /* CentrifugeClientImpl.swift */,
				D492AD381FA0B00C003E92FA /* .gitkeep */,
				D492AD391FA0B00C003E92FA /* Models.swift */,
				D492AD3A1FA0B00C003E92FA /* Protocols.swift */,
				D492AD3B1FA0B00C003E92FA /* WebSocket.swift */,
				D492AD3C1FA0B00C003E92FA /* Builder */,
			);
			path = Classes;
			sourceTree = "<group>";
		};
		D492AD3C1FA0B00C003E92FA /* Builder */ = {
			isa = PBXGroup;
			children = (
				D492AD3D1FA0B00C003E92FA /* CentrifugeClientMessageBuilderImpl.swift */,
				D492AD3E1FA0B00C003E92FA /* CentrifugoServerMessageParserImpl.swift */,
			);
			path = Builder;
			sourceTree = "<group>";
		};
/* End PBXGroup section */

/* Begin PBXHeadersBuildPhase section */
		D492AD251FA0AF97003E92FA /* Headers */ = {
			isa = PBXHeadersBuildPhase;
			buildActionMask = 2147483647;
			files = (
				D492AD2D1FA0AF97003E92FA /* CentrifugeiOS.h in Headers */,
			);
			runOnlyForDeploymentPostprocessing = 0;
		};
/* End PBXHeadersBuildPhase section */

/* Begin PBXNativeTarget section */
		D492AD271FA0AF97003E92FA /* CentrifugeiOS */ = {
			isa = PBXNativeTarget;
			buildConfigurationList = D492AD301FA0AF97003E92FA /* Build configuration list for PBXNativeTarget "CentrifugeiOS" */;
			buildPhases = (
				D492AD231FA0AF97003E92FA /* Sources */,
				D492AD241FA0AF97003E92FA /* Frameworks */,
				D492AD251FA0AF97003E92FA /* Headers */,
				D492AD261FA0AF97003E92FA /* Resources */,
			);
			buildRules = (
			);
			dependencies = (
			);
			name = CentrifugeiOS;
			productName = CentrifugeiOS;
			productReference = D492AD281FA0AF97003E92FA /* CentrifugeiOS.framework */;
			productType = "com.apple.product-type.framework";
		};
/* End PBXNativeTarget section */

/* Begin PBXProject section */
		D492AD1F1FA0AF97003E92FA /* Project object */ = {
			isa = PBXProject;
			attributes = {
				LastUpgradeCheck = 0900;
				TargetAttributes = {
					D492AD271FA0AF97003E92FA = {
						CreatedOnToolsVersion = 9.0.1;
						ProvisioningStyle = Automatic;
					};
				};
			};
			buildConfigurationList = D492AD221FA0AF97003E92FA /* Build configuration list for PBXProject "CentrifugeiOS" */;
			compatibilityVersion = "Xcode 8.0";
			developmentRegion = en;
			hasScannedForEncodings = 0;
			knownRegions = (
				en,
			);
			mainGroup = D492AD1E1FA0AF97003E92FA;
			productRefGroup = D492AD291FA0AF97003E92FA /* Products */;
			projectDirPath = "";
			projectRoot = "";
			targets = (
				D492AD271FA0AF97003E92FA /* CentrifugeiOS */,
			);
		};
/* End PBXProject section */

/* Begin PBXResourcesBuildPhase section */
		D492AD261FA0AF97003E92FA /* Resources */ = {
			isa = PBXResourcesBuildPhase;
			buildActionMask = 2147483647;
			files = (
				D492AD421FA0B00C003E92FA /* .gitkeep in Resources */,
			);
			runOnlyForDeploymentPostprocessing = 0;
		};
/* End PBXResourcesBuildPhase section */

/* Begin PBXSourcesBuildPhase section */
		D492AD231FA0AF97003E92FA /* Sources */ = {
			isa = PBXSourcesBuildPhase;
			buildActionMask = 2147483647;
			files = (
				D492AD431FA0B00C003E92FA /* Models.swift in Sources */,
				D492AD471FA0B00C003E92FA /* CentrifugoServerMessageParserImpl.swift in Sources */,
				D492AD411FA0B00C003E92FA /* CentrifugeClientImpl.swift in Sources */,
				D492AD401FA0B00C003E92FA /* Centrifuge.swift in Sources */,
				D492AD441FA0B00C003E92FA /* Protocols.swift in Sources */,
				D492AD461FA0B00C003E92FA /* CentrifugeClientMessageBuilderImpl.swift in Sources */,
				D492AD451FA0B00C003E92FA /* WebSocket.swift in Sources */,
			);
			runOnlyForDeploymentPostprocessing = 0;
		};
/* End PBXSourcesBuildPhase section */

/* Begin XCBuildConfiguration section */
		D492AD2E1FA0AF97003E92FA /* Debug */ = {
			isa = XCBuildConfiguration;
			buildSettings = {
				ALWAYS_SEARCH_USER_PATHS = NO;
				CLANG_ANALYZER_NONNULL = YES;
				CLANG_ANALYZER_NUMBER_OBJECT_CONVERSION = YES_AGGRESSIVE;
				CLANG_CXX_LANGUAGE_STANDARD = "gnu++14";
				CLANG_CXX_LIBRARY = "libc++";
				CLANG_ENABLE_MODULES = YES;
				CLANG_ENABLE_OBJC_ARC = YES;
				CLANG_WARN_BLOCK_CAPTURE_AUTORELEASING = YES;
				CLANG_WARN_BOOL_CONVERSION = YES;
				CLANG_WARN_COMMA = YES;
				CLANG_WARN_CONSTANT_CONVERSION = YES;
				CLANG_WARN_DIRECT_OBJC_ISA_USAGE = YES_ERROR;
				CLANG_WARN_DOCUMENTATION_COMMENTS = YES;
				CLANG_WARN_EMPTY_BODY = YES;
				CLANG_WARN_ENUM_CONVERSION = YES;
				CLANG_WARN_INFINITE_RECURSION = YES;
				CLANG_WARN_INT_CONVERSION = YES;
				CLANG_WARN_NON_LITERAL_NULL_CONVERSION = YES;
				CLANG_WARN_OBJC_LITERAL_CONVERSION = YES;
				CLANG_WARN_OBJC_ROOT_CLASS = YES_ERROR;
				CLANG_WARN_RANGE_LOOP_ANALYSIS = YES;
				CLANG_WARN_STRICT_PROTOTYPES = YES;
				CLANG_WARN_SUSPICIOUS_MOVE = YES;
				CLANG_WARN_UNGUARDED_AVAILABILITY = YES_AGGRESSIVE;
				CLANG_WARN_UNREACHABLE_CODE = YES;
				CLANG_WARN__DUPLICATE_METHOD_MATCH = YES;
				CODE_SIGN_IDENTITY = "iPhone Developer";
				COPY_PHASE_STRIP = NO;
				CURRENT_PROJECT_VERSION = 1;
				DEBUG_INFORMATION_FORMAT = dwarf;
				ENABLE_STRICT_OBJC_MSGSEND = YES;
				ENABLE_TESTABILITY = YES;
				GCC_C_LANGUAGE_STANDARD = gnu11;
				GCC_DYNAMIC_NO_PIC = NO;
				GCC_NO_COMMON_BLOCKS = YES;
				GCC_OPTIMIZATION_LEVEL = 0;
				GCC_PREPROCESSOR_DEFINITIONS = (
					"DEBUG=1",
					"$(inherited)",
				);
				GCC_WARN_64_TO_32_BIT_CONVERSION = YES;
				GCC_WARN_ABOUT_RETURN_TYPE = YES_ERROR;
				GCC_WARN_UNDECLARED_SELECTOR = YES;
				GCC_WARN_UNINITIALIZED_AUTOS = YES_AGGRESSIVE;
				GCC_WARN_UNUSED_FUNCTION = YES;
				GCC_WARN_UNUSED_VARIABLE = YES;
				IPHONEOS_DEPLOYMENT_TARGET = 11.0;
				MTL_ENABLE_DEBUG_INFO = YES;
				ONLY_ACTIVE_ARCH = YES;
				SDKROOT = iphoneos;
				SWIFT_ACTIVE_COMPILATION_CONDITIONS = DEBUG;
				SWIFT_OPTIMIZATION_LEVEL = "-Onone";
				VERSIONING_SYSTEM = "apple-generic";
				VERSION_INFO_PREFIX = "";
			};
			name = Debug;
		};
		D492AD2F1FA0AF97003E92FA /* Release */ = {
			isa = XCBuildConfiguration;
			buildSettings = {
				ALWAYS_SEARCH_USER_PATHS = NO;
				CLANG_ANALYZER_NONNULL = YES;
				CLANG_ANALYZER_NUMBER_OBJECT_CONVERSION = YES_AGGRESSIVE;
				CLANG_CXX_LANGUAGE_STANDARD = "gnu++14";
				CLANG_CXX_LIBRARY = "libc++";
				CLANG_ENABLE_MODULES = YES;
				CLANG_ENABLE_OBJC_ARC = YES;
				CLANG_WARN_BLOCK_CAPTURE_AUTORELEASING = YES;
				CLANG_WARN_BOOL_CONVERSION = YES;
				CLANG_WARN_COMMA = YES;
				CLANG_WARN_CONSTANT_CONVERSION = YES;
				CLANG_WARN_DIRECT_OBJC_ISA_USAGE = YES_ERROR;
				CLANG_WARN_DOCUMENTATION_COMMENTS = YES;
				CLANG_WARN_EMPTY_BODY = YES;
				CLANG_WARN_ENUM_CONVERSION = YES;
				CLANG_WARN_INFINITE_RECURSION = YES;
				CLANG_WARN_INT_CONVERSION = YES;
				CLANG_WARN_NON_LITERAL_NULL_CONVERSION = YES;
				CLANG_WARN_OBJC_LITERAL_CONVERSION = YES;
				CLANG_WARN_OBJC_ROOT_CLASS = YES_ERROR;
				CLANG_WARN_RANGE_LOOP_ANALYSIS = YES;
				CLANG_WARN_STRICT_PROTOTYPES = YES;
				CLANG_WARN_SUSPICIOUS_MOVE = YES;
				CLANG_WARN_UNGUARDED_AVAILABILITY = YES_AGGRESSIVE;
				CLANG_WARN_UNREACHABLE_CODE = YES;
				CLANG_WARN__DUPLICATE_METHOD_MATCH = YES;
				CODE_SIGN_IDENTITY = "iPhone Developer";
				COPY_PHASE_STRIP = NO;
				CURRENT_PROJECT_VERSION = 1;
				DEBUG_INFORMATION_FORMAT = "dwarf-with-dsym";
				ENABLE_NS_ASSERTIONS = NO;
				ENABLE_STRICT_OBJC_MSGSEND = YES;
				GCC_C_LANGUAGE_STANDARD = gnu11;
				GCC_NO_COMMON_BLOCKS = YES;
				GCC_WARN_64_TO_32_BIT_CONVERSION = YES;
				GCC_WARN_ABOUT_RETURN_TYPE = YES_ERROR;
				GCC_WARN_UNDECLARED_SELECTOR = YES;
				GCC_WARN_UNINITIALIZED_AUTOS = YES_AGGRESSIVE;
				GCC_WARN_UNUSED_FUNCTION = YES;
				GCC_WARN_UNUSED_VARIABLE = YES;
				IPHONEOS_DEPLOYMENT_TARGET = 11.0;
				MTL_ENABLE_DEBUG_INFO = NO;
				SDKROOT = iphoneos;
				SWIFT_OPTIMIZATION_LEVEL = "-Owholemodule";
				VALIDATE_PRODUCT = YES;
				VERSIONING_SYSTEM = "apple-generic";
				VERSION_INFO_PREFIX = "";
			};
			name = Release;
		};
		D492AD311FA0AF97003E92FA /* Debug */ = {
			isa = XCBuildConfiguration;
			buildSettings = {
				CODE_SIGN_IDENTITY = "";
				CODE_SIGN_STYLE = Automatic;
				DEFINES_MODULE = YES;
				DYLIB_COMPATIBILITY_VERSION = 1;
				DYLIB_CURRENT_VERSION = 1;
				DYLIB_INSTALL_NAME_BASE = "@rpath";
				FRAMEWORK_SEARCH_PATHS = (
					"$(inherited)",
					"$(PROJECT_DIR)/Carthage/Build/iOS",
				);
				INFOPLIST_FILE = CentrifugeiOS/Info.plist;
				INSTALL_PATH = "$(LOCAL_LIBRARY_DIR)/Frameworks";
				LD_RUNPATH_SEARCH_PATHS = "$(inherited) @executable_path/Frameworks @loader_path/Frameworks";
				PRODUCT_BUNDLE_IDENTIFIER = org.cocoapods.CentrifugeiOS.CentrifugeiOS;
				PRODUCT_NAME = "$(TARGET_NAME:c99extidentifier)";
				SKIP_INSTALL = YES;
				SWIFT_VERSION = 4.0;
				TARGETED_DEVICE_FAMILY = "1,2";
			};
			name = Debug;
		};
		D492AD321FA0AF97003E92FA /* Release */ = {
			isa = XCBuildConfiguration;
			buildSettings = {
				CODE_SIGN_IDENTITY = "";
				CODE_SIGN_STYLE = Automatic;
				DEFINES_MODULE = YES;
				DYLIB_COMPATIBILITY_VERSION = 1;
				DYLIB_CURRENT_VERSION = 1;
				DYLIB_INSTALL_NAME_BASE = "@rpath";
				FRAMEWORK_SEARCH_PATHS = (
					"$(inherited)",
					"$(PROJECT_DIR)/Carthage/Build/iOS",
				);
				INFOPLIST_FILE = CentrifugeiOS/Info.plist;
				INSTALL_PATH = "$(LOCAL_LIBRARY_DIR)/Frameworks";
				LD_RUNPATH_SEARCH_PATHS = "$(inherited) @executable_path/Frameworks @loader_path/Frameworks";
				PRODUCT_BUNDLE_IDENTIFIER = org.cocoapods.CentrifugeiOS.CentrifugeiOS;
				PRODUCT_NAME = "$(TARGET_NAME:c99extidentifier)";
				SKIP_INSTALL = YES;
				SWIFT_VERSION = 4.0;
				TARGETED_DEVICE_FAMILY = "1,2";
			};
			name = Release;
		};
/* End XCBuildConfiguration section */

/* Begin XCConfigurationList section */
		D492AD221FA0AF97003E92FA /* Build configuration list for PBXProject "CentrifugeiOS" */ = {
			isa = XCConfigurationList;
			buildConfigurations = (
				D492AD2E1FA0AF97003E92FA /* Debug */,
				D492AD2F1FA0AF97003E92FA /* Release */,
			);
			defaultConfigurationIsVisible = 0;
			defaultConfigurationName = Release;
		};
		D492AD301FA0AF97003E92FA /* Build configuration list for PBXNativeTarget "CentrifugeiOS" */ = {
			isa = XCConfigurationList;
			buildConfigurations = (
				D492AD311FA0AF97003E92FA /* Debug */,
				D492AD321FA0AF97003E92FA /* Release */,
			);
			defaultConfigurationIsVisible = 0;
			defaultConfigurationName = Release;
		};
/* End XCConfigurationList section */
	};
	rootObject = D492AD1F1FA0AF97003E92FA /* Project object */;
}
